// !$*UTF8*$!
{
	archiveVersion = 1;
	classes = {
	};
	objectVersion = 46;
	objects = {

/* Begin PBXBuildFile section */
		FE2B3FC11F6145E200E1A8C9 /* main.m in Sources */ = {isa = PBXBuildFile; fileRef = FE2B3FC01F6145E200E1A8C9 /* main.m */; };
		FE2B3FC41F6145E200E1A8C9 /* AppDelegate.m in Sources */ = {isa = PBXBuildFile; fileRef = FE2B3FC31F6145E200E1A8C9 /* AppDelegate.m */; };
		FE2B3FC71F6145E200E1A8C9 /* ViewController.m in Sources */ = {isa = PBXBuildFile; fileRef = FE2B3FC61F6145E200E1A8C9 /* ViewController.m */; };
		FE2B3FCA1F6145E200E1A8C9 /* Main.storyboard in Resources */ = {isa = PBXBuildFile; fileRef = FE2B3FC81F6145E200E1A8C9 /* Main.storyboard */; };
		FE2B3FCC1F6145E200E1A8C9 /* Assets.xcassets in Resources */ = {isa = PBXBuildFile; fileRef = FE2B3FCB1F6145E200E1A8C9 /* Assets.xcassets */; };
		FE2B3FCF1F6145E200E1A8C9 /* LaunchScreen.storyboard in Resources */ = {isa = PBXBuildFile; fileRef = FE2B3FCD1F6145E200E1A8C9 /* LaunchScreen.storyboard */; };
		FE2B3FDA1F6145E200E1A8C9 /* dfvgadfbvadfTests.m in Sources */ = {isa = PBXBuildFile; fileRef = FE2B3FD91F6145E200E1A8C9 /* dfvgadfbvadfTests.m */; };
		FE2B3FE51F6145E200E1A8C9 /* dfvgadfbvadfUITests.m in Sources */ = {isa = PBXBuildFile; fileRef = FE2B3FE41F6145E200E1A8C9 /* dfvgadfbvadfUITests.m */; };
/* End PBXBuildFile section */

/* Begin PBXContainerItemProxy section */
		FE2B3FD61F6145E200E1A8C9 /* PBXContainerItemProxy */ = {
			isa = PBXContainerItemProxy;
			containerPortal = FE2B3FB41F6145E200E1A8C9 /* Project object */;
			proxyType = 1;
			remoteGlobalIDString = FE2B3FBB1F6145E200E1A8C9;
			remoteInfo = dfvgadfbvadf;
		};
		FE2B3FE11F6145E200E1A8C9 /* PBXContainerItemProxy */ = {
			isa = PBXContainerItemProxy;
			containerPortal = FE2B3FB41F6145E200E1A8C9 /* Project object */;
			proxyType = 1;
			remoteGlobalIDString = FE2B3FBB1F6145E200E1A8C9;
			remoteInfo = dfvgadfbvadf;
		};
/* End PBXContainerItemProxy section */

/* Begin PBXFileReference section */
		FE2B3FBC1F6145E200E1A8C9 /* dfvgadfbvadf.app */ = {isa = PBXFileReference; explicitFileType = wrapper.application; includeInIndex = 0; path = dfvgadfbvadf.app; sourceTree = BUILT_PRODUCTS_DIR; };
		FE2B3FC01F6145E200E1A8C9 /* main.m */ = {isa = PBXFileReference; lastKnownFileType = sourcecode.c.objc; path = main.m; sourceTree = "<group>"; };
		FE2B3FC21F6145E200E1A8C9 /* AppDelegate.h */ = {isa = PBXFileReference; lastKnownFileType = sourcecode.c.h; path = AppDelegate.h; sourceTree = "<group>"; };
		FE2B3FC31F6145E200E1A8C9 /* AppDelegate.m */ = {isa = PBXFileReference; lastKnownFileType = sourcecode.c.objc; path = AppDelegate.m; sourceTree = "<group>"; };
		FE2B3FC51F6145E200E1A8C9 /* ViewController.h */ = {isa = PBXFileReference; lastKnownFileType = sourcecode.c.h; path = ViewController.h; sourceTree = "<group>"; };
		FE2B3FC61F6145E200E1A8C9 /* ViewController.m */ = {isa = PBXFileReference; lastKnownFileType = sourcecode.c.objc; path = ViewController.m; sourceTree = "<group>"; };
		FE2B3FC91F6145E200E1A8C9 /* Base */ = {isa = PBXFileReference; lastKnownFileType = file.storyboard; name = Base; path = Base.lproj/Main.storyboard; sourceTree = "<group>"; };
		FE2B3FCB1F6145E200E1A8C9 /* Assets.xcassets */ = {isa = PBXFileReference; lastKnownFileType = folder.assetcatalog; path = Assets.xcassets; sourceTree = "<group>"; };
		FE2B3FCE1F6145E200E1A8C9 /* Base */ = {isa = PBXFileReference; lastKnownFileType = file.storyboard; name = Base; path = Base.lproj/LaunchScreen.storyboard; sourceTree = "<group>"; };
		FE2B3FD01F6145E200E1A8C9 /* Info.plist */ = {isa = PBXFileReference; lastKnownFileType = text.plist.xml; path = Info.plist; sourceTree = "<group>"; };
		FE2B3FD51F6145E200E1A8C9 /* dfvgadfbvadfTests.xctest */ = {isa = PBXFileReference; explicitFileType = wrapper.cfbundle; includeInIndex = 0; path = dfvgadfbvadfTests.xctest; sourceTree = BUILT_PRODUCTS_DIR; };
		FE2B3FD91F6145E200E1A8C9 /* dfvgadfbvadfTests.m */ = {isa = PBXFileReference; lastKnownFileType = sourcecode.c.objc; path = dfvgadfbvadfTests.m; sourceTree = "<group>"; };
		FE2B3FDB1F6145E200E1A8C9 /* Info.plist */ = {isa = PBXFileReference; lastKnownFileType = text.plist.xml; path = Info.plist; sourceTree = "<group>"; };
		FE2B3FE01F6145E200E1A8C9 /* dfvgadfbvadfUITests.xctest */ = {isa = PBXFileReference; explicitFileType = wrapper.cfbundle; includeInIndex = 0; path = dfvgadfbvadfUITests.xctest; sourceTree = BUILT_PRODUCTS_DIR; };
		FE2B3FE41F6145E200E1A8C9 /* dfvgadfbvadfUITests.m */ = {isa = PBXFileReference; lastKnownFileType = sourcecode.c.objc; path = dfvgadfbvadfUITests.m; sourceTree = "<group>"; };
		FE2B3FE61F6145E200E1A8C9 /* Info.plist */ = {isa = PBXFileReference; lastKnownFileType = text.plist.xml; path = Info.plist; sourceTree = "<group>"; };
/* End PBXFileReference section */

/* Begin PBXFrameworksBuildPhase section */
		FE2B3FB91F6145E200E1A8C9 /* Frameworks */ = {
			isa = PBXFrameworksBuildPhase;
			buildActionMask = 2147483647;
			files = (
			);
			runOnlyForDeploymentPostprocessing = 0;
		};
		FE2B3FD21F6145E200E1A8C9 /* Frameworks */ = {
			isa = PBXFrameworksBuildPhase;
			buildActionMask = 2147483647;
			files = (
			);
			runOnlyForDeploymentPostprocessing = 0;
		};
		FE2B3FDD1F6145E200E1A8C9 /* Frameworks */ = {
			isa = PBXFrameworksBuildPhase;
			buildActionMask = 2147483647;
			files = (
			);
			runOnlyForDeploymentPostprocessing = 0;
		};
/* End PBXFrameworksBuildPhase section */

/* Begin PBXGroup section */
		FE2B3FB31F6145E200E1A8C9 = {
			isa = PBXGroup;
			children = (
				FE2B3FBE1F6145E200E1A8C9 /* dfvgadfbvadf */,
				FE2B3FD81F6145E200E1A8C9 /* dfvgadfbvadfTests */,
				FE2B3FE31F6145E200E1A8C9 /* dfvgadfbvadfUITests */,
				FE2B3FBD1F6145E200E1A8C9 /* Products */,
			);
			sourceTree = "<group>";
		};
		FE2B3FBD1F6145E200E1A8C9 /* Products */ = {
			isa = PBXGroup;
			children = (
				FE2B3FBC1F6145E200E1A8C9 /* dfvgadfbvadf.app */,
				FE2B3FD51F6145E200E1A8C9 /* dfvgadfbvadfTests.xctest */,
				FE2B3FE01F6145E200E1A8C9 /* dfvgadfbvadfUITests.xctest */,
			);
			name = Products;
			sourceTree = "<group>";
		};
		FE2B3FBE1F6145E200E1A8C9 /* dfvgadfbvadf */ = {
			isa = PBXGroup;
			children = (
				FE2B3FC21F6145E200E1A8C9 /* AppDelegate.h */,
				FE2B3FC31F6145E200E1A8C9 /* AppDelegate.m */,
				FE2B3FC51F6145E200E1A8C9 /* ViewController.h */,
				FE2B3FC61F6145E200E1A8C9 /* ViewController.m */,
				FE2B3FC81F6145E200E1A8C9 /* Main.storyboard */,
				FE2B3FCB1F6145E200E1A8C9 /* Assets.xcassets */,
				FE2B3FCD1F6145E200E1A8C9 /* LaunchScreen.storyboard */,
				FE2B3FD01F6145E200E1A8C9 /* Info.plist */,
				FE2B3FBF1F6145E200E1A8C9 /* Supporting Files */,
			);
			path = dfvgadfbvadf;
			sourceTree = "<group>";
		};
		FE2B3FBF1F6145E200E1A8C9 /* Supporting Files */ = {
			isa = PBXGroup;
			children = (
				FE2B3FC01F6145E200E1A8C9 /* main.m */,
			);
			name = "Supporting Files";
			sourceTree = "<group>";
		};
		FE2B3FD81F6145E200E1A8C9 /* dfvgadfbvadfTests */ = {
			isa = PBXGroup;
			children = (
				FE2B3FD91F6145E200E1A8C9 /* dfvgadfbvadfTests.m */,
				FE2B3FDB1F6145E200E1A8C9 /* Info.plist */,
			);
			path = dfvgadfbvadfTests;
			sourceTree = "<group>";
		};
		FE2B3FE31F6145E200E1A8C9 /* dfvgadfbvadfUITests */ = {
			isa = PBXGroup;
			children = (
				FE2B3FE41F6145E200E1A8C9 /* dfvgadfbvadfUITests.m */,
				FE2B3FE61F6145E200E1A8C9 /* Info.plist */,
			);
			path = dfvgadfbvadfUITests;
			sourceTree = "<group>";
		};
/* End PBXGroup section */

/* Begin PBXNativeTarget section */
		FE2B3FBB1F6145E200E1A8C9 /* dfvgadfbvadf */ = {
			isa = PBXNativeTarget;
			buildConfigurationList = FE2B3FE91F6145E200E1A8C9 /* Build configuration list for PBXNativeTarget "dfvgadfbvadf" */;
			buildPhases = (
				FE2B3FB81F6145E200E1A8C9 /* Sources */,
				FE2B3FB91F6145E200E1A8C9 /* Frameworks */,
				FE2B3FBA1F6145E200E1A8C9 /* Resources */,
			);
			buildRules = (
			);
			dependencies = (
			);
			name = dfvgadfbvadf;
			productName = dfvgadfbvadf;
			productReference = FE2B3FBC1F6145E200E1A8C9 /* dfvgadfbvadf.app */;
			productType = "com.apple.product-type.application";
		};
		FE2B3FD41F6145E200E1A8C9 /* dfvgadfbvadfTests */ = {
			isa = PBXNativeTarget;
			buildConfigurationList = FE2B3FEC1F6145E200E1A8C9 /* Build configuration list for PBXNativeTarget "dfvgadfbvadfTests" */;
			buildPhases = (
				FE2B3FD11F6145E200E1A8C9 /* Sources */,
				FE2B3FD21F6145E200E1A8C9 /* Frameworks */,
				FE2B3FD31F6145E200E1A8C9 /* Resources */,
			);
			buildRules = (
			);
			dependencies = (
				FE2B3FD71F6145E200E1A8C9 /* PBXTargetDependency */,
			);
			name = dfvgadfbvadfTests;
			productName = dfvgadfbvadfTests;
			productReference = FE2B3FD51F6145E200E1A8C9 /* dfvgadfbvadfTests.xctest */;
			productType = "com.apple.product-type.bundle.unit-test";
		};
		FE2B3FDF1F6145E200E1A8C9 /* dfvgadfbvadfUITests */ = {
			isa = PBXNativeTarget;
			buildConfigurationList = FE2B3FEF1F6145E200E1A8C9 /* Build configuration list for PBXNativeTarget "dfvgadfbvadfUITests" */;
			buildPhases = (
				FE2B3FDC1F6145E200E1A8C9 /* Sources */,
				FE2B3FDD1F6145E200E1A8C9 /* Frameworks */,
				FE2B3FDE1F6145E200E1A8C9 /* Resources */,
			);
			buildRules = (
			);
			dependencies = (
				FE2B3FE21F6145E200E1A8C9 /* PBXTargetDependency */,
			);
			name = dfvgadfbvadfUITests;
			productName = dfvgadfbvadfUITests;
			productReference = FE2B3FE01F6145E200E1A8C9 /* dfvgadfbvadfUITests.xctest */;
			productType = "com.apple.product-type.bundle.ui-testing";
		};
/* End PBXNativeTarget section */

/* Begin PBXProject section */
		FE2B3FB41F6145E200E1A8C9 /* Project object */ = {
			isa = PBXProject;
			attributes = {
				LastUpgradeCheck = 0810;
				ORGANIZATIONNAME = "Qu ZhongLiang";
				TargetAttributes = {
					FE2B3FBB1F6145E200E1A8C9 = {
						CreatedOnToolsVersion = 8.1;
						DevelopmentTeam = 6M26YT55JE;
						ProvisioningStyle = Automatic;
					};
					FE2B3FD41F6145E200E1A8C9 = {
						CreatedOnToolsVersion = 8.1;
						DevelopmentTeam = 6M26YT55JE;
						ProvisioningStyle = Automatic;
						TestTargetID = FE2B3FBB1F6145E200E1A8C9;
					};
					FE2B3FDF1F6145E200E1A8C9 = {
						CreatedOnToolsVersion = 8.1;
						DevelopmentTeam = 6M26YT55JE;
						ProvisioningStyle = Automatic;
						TestTargetID = FE2B3FBB1F6145E200E1A8C9;
					};
				};
			};
			buildConfigurationList = FE2B3FB71F6145E200E1A8C9 /* Build configuration list for PBXProject "dfvgadfbvadf" */;
			compatibilityVersion = "Xcode 3.2";
			developmentRegion = English;
			hasScannedForEncodings = 0;
			knownRegions = (
				en,
				Base,
			);
			mainGroup = FE2B3FB31F6145E200E1A8C9;
			productRefGroup = FE2B3FBD1F6145E200E1A8C9 /* Products */;
			projectDirPath = "";
			projectRoot = "";
			targets = (
				FE2B3FBB1F6145E200E1A8C9 /* dfvgadfbvadf */,
				FE2B3FD41F6145E200E1A8C9 /* dfvgadfbvadfTests */,
				FE2B3FDF1F6145E200E1A8C9 /* dfvgadfbvadfUITests */,
			);
		};
/* End PBXProject section */

/* Begin PBXResourcesBuildPhase section */
		FE2B3FBA1F6145E200E1A8C9 /* Resources */ = {
			isa = PBXResourcesBuildPhase;
			buildActionMask = 2147483647;
			files = (
				FE2B3FCF1F6145E200E1A8C9 /* LaunchScreen.storyboard in Resources */,
				FE2B3FCC1F6145E200E1A8C9 /* Assets.xcassets in Resources */,
				FE2B3FCA1F6145E200E1A8C9 /* Main.storyboard in Resources */,
			);
			runOnlyForDeploymentPostprocessing = 0;
		};
		FE2B3FD31F6145E200E1A8C9 /* Resources */ = {
			isa = PBXResourcesBuildPhase;
			buildActionMask = 2147483647;
			files = (
			);
			runOnlyForDeploymentPostprocessing = 0;
		};
		FE2B3FDE1F6145E200E1A8C9 /* Resources */ = {
			isa = PBXResourcesBuildPhase;
			buildActionMask = 2147483647;
			files = (
			);
			runOnlyForDeploymentPostprocessing = 0;
		};
/* End PBXResourcesBuildPhase section */

/* Begin PBXSourcesBuildPhase section */
		FE2B3FB81F6145E200E1A8C9 /* Sources */ = {
			isa = PBXSourcesBuildPhase;
			buildActionMask = 2147483647;
			files = (
				FE2B3FC71F6145E200E1A8C9 /* ViewController.m in Sources */,
				FE2B3FC41F6145E200E1A8C9 /* AppDelegate.m in Sources */,
				FE2B3FC11F6145E200E1A8C9 /* main.m in Sources */,
			);
			runOnlyForDeploymentPostprocessing = 0;
		};
		FE2B3FD11F6145E200E1A8C9 /* Sources */ = {
			isa = PBXSourcesBuildPhase;
			buildActionMask = 2147483647;
			files = (
				FE2B3FDA1F6145E200E1A8C9 /* dfvgadfbvadfTests.m in Sources */,
			);
			runOnlyForDeploymentPostprocessing = 0;
		};
		FE2B3FDC1F6145E200E1A8C9 /* Sources */ = {
			isa = PBXSourcesBuildPhase;
			buildActionMask = 2147483647;
			files = (
				FE2B3FE51F6145E200E1A8C9 /* dfvgadfbvadfUITests.m in Sources */,
			);
			runOnlyForDeploymentPostprocessing = 0;
		};
/* End PBXSourcesBuildPhase section */

/* Begin PBXTargetDependency section */
		FE2B3FD71F6145E200E1A8C9 /* PBXTargetDependency */ = {
			isa = PBXTargetDependency;
			target = FE2B3FBB1F6145E200E1A8C9 /* dfvgadfbvadf */;
			targetProxy = FE2B3FD61F6145E200E1A8C9 /* PBXContainerItemProxy */;
		};
		FE2B3FE21F6145E200E1A8C9 /* PBXTargetDependency */ = {
			isa = PBXTargetDependency;
			target = FE2B3FBB1F6145E200E1A8C9 /* dfvgadfbvadf */;
			targetProxy = FE2B3FE11F6145E200E1A8C9 /* PBXContainerItemProxy */;
		};
/* End PBXTargetDependency section */

/* Begin PBXVariantGroup section */
		FE2B3FC81F6145E200E1A8C9 /* Main.storyboard */ = {
			isa = PBXVariantGroup;
			children = (
				FE2B3FC91F6145E200E1A8C9 /* Base */,
			);
			name = Main.storyboard;
			sourceTree = "<group>";
		};
		FE2B3FCD1F6145E200E1A8C9 /* LaunchScreen.storyboard */ = {
			isa = PBXVariantGroup;
			children = (
				FE2B3FCE1F6145E200E1A8C9 /* Base */,
			);
			name = LaunchScreen.storyboard;
			sourceTree = "<group>";
		};
/* End PBXVariantGroup section */

/* Begin XCBuildConfiguration section */
		FE2B3FE71F6145E200E1A8C9 /* Debug */ = {
			isa = XCBuildConfiguration;
			buildSettings = {
				ALWAYS_SEARCH_USER_PATHS = NO;
				CLANG_ANALYZER_NONNULL = YES;
				CLANG_CXX_LANGUAGE_STANDARD = "gnu++0x";
				CLANG_CXX_LIBRARY = "libc++";
				CLANG_ENABLE_MODULES = YES;
				CLANG_ENABLE_OBJC_ARC = YES;
				CLANG_WARN_BOOL_CONVERSION = YES;
				CLANG_WARN_CONSTANT_CONVERSION = YES;
				CLANG_WARN_DIRECT_OBJC_ISA_USAGE = YES_ERROR;
				CLANG_WARN_DOCUMENTATION_COMMENTS = YES;
				CLANG_WARN_EMPTY_BODY = YES;
				CLANG_WARN_ENUM_CONVERSION = YES;
				CLANG_WARN_INFINITE_RECURSION = YES;
				CLANG_WARN_INT_CONVERSION = YES;
				CLANG_WARN_OBJC_ROOT_CLASS = YES_ERROR;
				CLANG_WARN_SUSPICIOUS_MOVES = YES;
				CLANG_WARN_UNREACHABLE_CODE = YES;
				CLANG_WARN__DUPLICATE_METHOD_MATCH = YES;
				"CODE_SIGN_IDENTITY[sdk=iphoneos*]" = "iPhone Developer";
				COPY_PHASE_STRIP = NO;
				DEBUG_INFORMATION_FORMAT = dwarf;
				ENABLE_STRICT_OBJC_MSGSEND = YES;
				ENABLE_TESTABILITY = YES;
				GCC_C_LANGUAGE_STANDARD = gnu99;
				GCC_DYNAMIC_NO_PIC = NO;
				GCC_NO_COMMON_BLOCKS = YES;
				GCC_OPTIMIZATION_LEVEL = 0;
				GCC_PREPROCESSOR_DEFINITIONS = (
					"DEBUG=1",
					"$(inherited)",
				);
				GCC_WARN_64_TO_32_BIT_CONVERSION = YES;
				GCC_WARN_ABOUT_RETURN_TYPE = YES_ERROR;
				GCC_WARN_UNDECLARED_SELECTOR = YES;
				GCC_WARN_UNINITIALIZED_AUTOS = YES_AGGRESSIVE;
				GCC_WARN_UNUSED_FUNCTION = YES;
				GCC_WARN_UNUSED_VARIABLE = YES;
				IPHONEOS_DEPLOYMENT_TARGET = 10.1;
				MTL_ENABLE_DEBUG_INFO = YES;
				ONLY_ACTIVE_ARCH = YES;
				SDKROOT = iphoneos;
			};
			name = Debug;
		};
		FE2B3FE81F6145E200E1A8C9 /* Release */ = {
			isa = XCBuildConfiguration;
			buildSettings = {
				ALWAYS_SEARCH_USER_PATHS = NO;
				CLANG_ANALYZER_NONNULL = YES;
				CLANG_CXX_LANGUAGE_STANDARD = "gnu++0x";
				CLANG_CXX_LIBRARY = "libc++";
				CLANG_ENABLE_MODULES = YES;
				CLANG_ENABLE_OBJC_ARC = YES;
				CLANG_WARN_BOOL_CONVERSION = YES;
				CLANG_WARN_CONSTANT_CONVERSION = YES;
				CLANG_WARN_DIRECT_OBJC_ISA_USAGE = YES_ERROR;
				CLANG_WARN_DOCUMENTATION_COMMENTS = YES;
				CLANG_WARN_EMPTY_BODY = YES;
				CLANG_WARN_ENUM_CONVERSION = YES;
				CLANG_WARN_INFINITE_RECURSION = YES;
				CLANG_WARN_INT_CONVERSION = YES;
				CLANG_WARN_OBJC_ROOT_CLASS = YES_ERROR;
				CLANG_WARN_SUSPICIOUS_MOVES = YES;
				CLANG_WARN_UNREACHABLE_CODE = YES;
				CLANG_WARN__DUPLICATE_METHOD_MATCH = YES;
				"CODE_SIGN_IDENTITY[sdk=iphoneos*]" = "iPhone Developer";
				COPY_PHASE_STRIP = NO;
				DEBUG_INFORMATION_FORMAT = "dwarf-with-dsym";
				ENABLE_NS_ASSERTIONS = NO;
				ENABLE_STRICT_OBJC_MSGSEND = YES;
				GCC_C_LANGUAGE_STANDARD = gnu99;
				GCC_NO_COMMON_BLOCKS = YES;
				GCC_WARN_64_TO_32_BIT_CONVERSION = YES;
				GCC_WARN_ABOUT_RETURN_TYPE = YES_ERROR;
				GCC_WARN_UNDECLARED_SELECTOR = YES;
				GCC_WARN_UNINITIALIZED_AUTOS = YES_AGGRESSIVE;
				GCC_WARN_UNUSED_FUNCTION = YES;
				GCC_WARN_UNUSED_VARIABLE = YES;
				IPHONEOS_DEPLOYMENT_TARGET = 10.1;
				MTL_ENABLE_DEBUG_INFO = NO;
				SDKROOT = iphoneos;
				VALIDATE_PRODUCT = YES;
			};
			name = Release;
		};
		FE2B3FEA1F6145E200E1A8C9 /* Debug */ = {
			isa = XCBuildConfiguration;
			buildSettings = {
				ASSETCATALOG_COMPILER_APPICON_NAME = AppIcon;
				DEVELOPMENT_TEAM = 6M26YT55JE;
				INFOPLIST_FILE = dfvgadfbvadf/Info.plist;
				LD_RUNPATH_SEARCH_PATHS = "$(inherited) @executable_path/Frameworks";
				PRODUCT_BUNDLE_IDENTIFIER = zhongke.dfvgadfbvadf;
				PRODUCT_NAME = "$(TARGET_NAME)";
			};
			name = Debug;
		};
		FE2B3FEB1F6145E200E1A8C9 /* Release */ = {
			isa = XCBuildConfiguration;
			buildSettings = {
				ASSETCATALOG_COMPILER_APPICON_NAME = AppIcon;
				DEVELOPMENT_TEAM = 6M26YT55JE;
				INFOPLIST_FILE = dfvgadfbvadf/Info.plist;
				LD_RUNPATH_SEARCH_PATHS = "$(inherited) @executable_path/Frameworks";
				PRODUCT_BUNDLE_IDENTIFIER = zhongke.dfvgadfbvadf;
				PRODUCT_NAME = "$(TARGET_NAME)";
			};
			name = Release;
		};
		FE2B3FED1F6145E200E1A8C9 /* Debug */ = {
			isa = XCBuildConfiguration;
			buildSettings = {
				BUNDLE_LOADER = "$(TEST_HOST)";
				DEVELOPMENT_TEAM = 6M26YT55JE;
				INFOPLIST_FILE = dfvgadfbvadfTests/Info.plist;
				LD_RUNPATH_SEARCH_PATHS = "$(inherited) @executable_path/Frameworks @loader_path/Frameworks";
				PRODUCT_BUNDLE_IDENTIFIER = zhongke.dfvgadfbvadfTests;
				PRODUCT_NAME = "$(TARGET_NAME)";
				TEST_HOST = "$(BUILT_PRODUCTS_DIR)/dfvgadfbvadf.app/dfvgadfbvadf";
			};
			name = Debug;
		};
		FE2B3FEE1F6145E200E1A8C9 /* Release */ = {
			isa = XCBuildConfiguration;
			buildSettings = {
				BUNDLE_LOADER = "$(TEST_HOST)";
				DEVELOPMENT_TEAM = 6M26YT55JE;
				INFOPLIST_FILE = dfvgadfbvadfTests/Info.plist;
				LD_RUNPATH_SEARCH_PATHS = "$(inherited) @executable_path/Frameworks @loader_path/Frameworks";
				PRODUCT_BUNDLE_IDENTIFIER = zhongke.dfvgadfbvadfTests;
				PRODUCT_NAME = "$(TARGET_NAME)";
				TEST_HOST = "$(BUILT_PRODUCTS_DIR)/dfvgadfbvadf.app/dfvgadfbvadf";
			};
			name = Release;
		};
		FE2B3FF01F6145E200E1A8C9 /* Debug */ = {
			isa = XCBuildConfiguration;
			buildSettings = {
				DEVELOPMENT_TEAM = 6M26YT55JE;
				INFOPLIST_FILE = dfvgadfbvadfUITests/Info.plist;
				LD_RUNPATH_SEARCH_PATHS = "$(inherited) @executable_path/Frameworks @loader_path/Frameworks";
				PRODUCT_BUNDLE_IDENTIFIER = zhongke.dfvgadfbvadfUITests;
				PRODUCT_NAME = "$(TARGET_NAME)";
				TEST_TARGET_NAME = dfvgadfbvadf;
			};
			name = Debug;
		};
		FE2B3FF11F6145E200E1A8C9 /* Release */ = {
			isa = XCBuildConfiguration;
			buildSettings = {
				DEVELOPMENT_TEAM = 6M26YT55JE;
				INFOPLIST_FILE = dfvgadfbvadfUITests/Info.plist;
				LD_RUNPATH_SEARCH_PATHS = "$(inherited) @executable_path/Frameworks @loader_path/Frameworks";
				PRODUCT_BUNDLE_IDENTIFIER = zhongke.dfvgadfbvadfUITests;
				PRODUCT_NAME = "$(TARGET_NAME)";
				TEST_TARGET_NAME = dfvgadfbvadf;
			};
			name = Release;
		};
/* End XCBuildConfiguration section */

/* Begin XCConfigurationList section */
		FE2B3FB71F6145E200E1A8C9 /* Build configuration list for PBXProject "dfvgadfbvadf" */ = {
			isa = XCConfigurationList;
			buildConfigurations = (
				FE2B3FE71F6145E200E1A8C9 /* Debug */,
				FE2B3FE81F6145E200E1A8C9 /* Release */,
			);
			defaultConfigurationIsVisible = 0;
			defaultConfigurationName = Release;
		};
		FE2B3FE91F6145E200E1A8C9 /* Build configuration list for PBXNativeTarget "dfvgadfbvadf" */ = {
			isa = XCConfigurationList;
			buildConfigurations = (
				FE2B3FEA1F6145E200E1A8C9 /* Debug */,
				FE2B3FEB1F6145E200E1A8C9 /* Release */,
			);
			defaultConfigurationIsVisible = 0;
		};
		FE2B3FEC1F6145E200E1A8C9 /* Build configuration list for PBXNativeTarget "dfvgadfbvadfTests" */ = {
			isa = XCConfigurationList;
			buildConfigurations = (
				FE2B3FED1F6145E200E1A8C9 /* Debug */,
				FE2B3FEE1F6145E200E1A8C9 /* Release */,
			);
			defaultConfigurationIsVisible = 0;
		};
		FE2B3FEF1F6145E200E1A8C9 /* Build configuration list for PBXNativeTarget "dfvgadfbvadfUITests" */ = {
			isa = XCConfigurationList;
			buildConfigurations = (
				FE2B3FF01F6145E200E1A8C9 /* Debug */,
				FE2B3FF11F6145E200E1A8C9 /* Release */,
			);
			defaultConfigurationIsVisible = 0;
		};
/* End XCConfigurationList section */
	};
	rootObject = FE2B3FB41F6145E200E1A8C9 /* Project object */;
}
